// !$*UTF8*$!
{
	archiveVersion = 1;
	classes = {
	};
	objectVersion = 50;
	objects = {

/* Begin PBXBuildFile section */
		1683E65E2158B4A1E82E72C9 /* Pods_InvestLog.framework in Frameworks */ = {isa = PBXBuildFile; fileRef = 7413AF8196EFC5F901CA677E /* Pods_InvestLog.framework */; };
		F305E15E221F8F8900FA45F0 /* oldLoading.json in Resources */ = {isa = PBXBuildFile; fileRef = F305E15D221F8F8900FA45F0 /* oldLoading.json */; };
		F305E160221F908500FA45F0 /* FirstViewController.swift in Sources */ = {isa = PBXBuildFile; fileRef = F305E15F221F908500FA45F0 /* FirstViewController.swift */; };
		F3347E5921F3DDBF004E83EE /* AppDelegate.swift in Sources */ = {isa = PBXBuildFile; fileRef = F3347E5821F3DDBF004E83EE /* AppDelegate.swift */; };
		F3347E5B21F3DDBF004E83EE /* MainViewController.swift in Sources */ = {isa = PBXBuildFile; fileRef = F3347E5A21F3DDBF004E83EE /* MainViewController.swift */; };
		F3347E6021F3DDC1004E83EE /* Assets.xcassets in Resources */ = {isa = PBXBuildFile; fileRef = F3347E5F21F3DDC1004E83EE /* Assets.xcassets */; };
		F3347E6321F3DDC1004E83EE /* LaunchScreen.storyboard in Resources */ = {isa = PBXBuildFile; fileRef = F3347E6121F3DDC1004E83EE /* LaunchScreen.storyboard */; };
		F3347E6F21F3DF48004E83EE /* Constraints-Extention.swift in Sources */ = {isa = PBXBuildFile; fileRef = F3347E6E21F3DF48004E83EE /* Constraints-Extention.swift */; };
		F3347E7121F3E302004E83EE /* PresentCategoryViewController.swift in Sources */ = {isa = PBXBuildFile; fileRef = F3347E7021F3E302004E83EE /* PresentCategoryViewController.swift */; };
		F3347E7321F3EE57004E83EE /* SettingsView.swift in Sources */ = {isa = PBXBuildFile; fileRef = F3347E7221F3EE57004E83EE /* SettingsView.swift */; };
		F3347E7621F3F04E004E83EE /* Avenir Next.ttc in Resources */ = {isa = PBXBuildFile; fileRef = F3347E7521F3F04E004E83EE /* Avenir Next.ttc */; };
		F3347E7821F404CA004E83EE /* TableViewCell.swift in Sources */ = {isa = PBXBuildFile; fileRef = F3347E7721F404CA004E83EE /* TableViewCell.swift */; };
		F33DE079221E4B7F00DB50D0 /* ButtonExtentions.swift in Sources */ = {isa = PBXBuildFile; fileRef = F33DE078221E4B7F00DB50D0 /* ButtonExtentions.swift */; };
		F33DE07C221E4F7000DB50D0 /* background.json in Resources */ = {isa = PBXBuildFile; fileRef = F33DE07B221E4F7000DB50D0 /* background.json */; };
		F354B49D224DBC5600DE2821 /* TopCell.swift in Sources */ = {isa = PBXBuildFile; fileRef = F354B49C224DBC5600DE2821 /* TopCell.swift */; };
		F3552CFC2228B251009A7057 /* NewSubCategoryViewController.swift in Sources */ = {isa = PBXBuildFile; fileRef = F3552CFB2228B251009A7057 /* NewSubCategoryViewController.swift */; };
		F39E0466221E264D00141D8F /* LoginViewController.swift in Sources */ = {isa = PBXBuildFile; fileRef = F39E0465221E264D00141D8F /* LoginViewController.swift */; };
		F3A7CC702220ADAC00B7F867 /* OnboardingViewController.swift in Sources */ = {isa = PBXBuildFile; fileRef = F3A7CC6F2220ADAC00B7F867 /* OnboardingViewController.swift */; };
		F3A7CC722220B05900B7F867 /* onboarding.json in Resources */ = {isa = PBXBuildFile; fileRef = F3A7CC712220B05900B7F867 /* onboarding.json */; };
		F3A7CC742221F04C00B7F867 /* NewCategoryViewController.swift in Sources */ = {isa = PBXBuildFile; fileRef = F3A7CC732221F04C00B7F867 /* NewCategoryViewController.swift */; };
		F3A7CC76222200AE00B7F867 /* BackgroundViewController.swift in Sources */ = {isa = PBXBuildFile; fileRef = F3A7CC75222200AE00B7F867 /* BackgroundViewController.swift */; };
		F3C1AC732225F08B0073F60F /* loading.json in Resources */ = {isa = PBXBuildFile; fileRef = F3C1AC722225F08B0073F60F /* loading.json */; };
		F3E8D83821FBF98B000A5440 /* MainViewCollectionViewCell.swift in Sources */ = {isa = PBXBuildFile; fileRef = F3E8D83721FBF98B000A5440 /* MainViewCollectionViewCell.swift */; };
		F3E8D83A21FC0AD7000A5440 /* Views.swift in Sources */ = {isa = PBXBuildFile; fileRef = F3E8D83921FC0AD7000A5440 /* Views.swift */; };
		F3E8D83C21FC4E2A000A5440 /* oldCategoryViewController.swift in Sources */ = {isa = PBXBuildFile; fileRef = F3E8D83B21FC4E2A000A5440 /* oldCategoryViewController.swift */; };
		F3E8D83F21FE4BDE000A5440 /* CategorySpendingController.swift in Sources */ = {isa = PBXBuildFile; fileRef = F3E8D83E21FE4BDE000A5440 /* CategorySpendingController.swift */; };
		F3E8D84121FE7E16000A5440 /* InputSpendingController.swift in Sources */ = {isa = PBXBuildFile; fileRef = F3E8D84021FE7E16000A5440 /* InputSpendingController.swift */; };
		F3E8D84321FE8A5E000A5440 /* HandleData.swift in Sources */ = {isa = PBXBuildFile; fileRef = F3E8D84221FE8A5E000A5440 /* HandleData.swift */; };
		F3E8D84521FEAC61000A5440 /* GoogleService-Info.plist in Resources */ = {isa = PBXBuildFile; fileRef = F3E8D84421FEAC61000A5440 /* GoogleService-Info.plist */; };
		F3E8D84721FEADFC000A5440 /* OldLoginController.swift in Sources */ = {isa = PBXBuildFile; fileRef = F3E8D84621FEADFC000A5440 /* OldLoginController.swift */; };
		F3F6660721FA7A13007DC903 /* MainCollectionviewController.swift in Sources */ = {isa = PBXBuildFile; fileRef = F3F6660621FA7A13007DC903 /* MainCollectionviewController.swift */; };
/* End PBXBuildFile section */

/* Begin PBXFileReference section */
		17D4313D09B1F3DB42EBD1FC /* Pods-InvestLog.release.xcconfig */ = {isa = PBXFileReference; includeInIndex = 1; lastKnownFileType = text.xcconfig; name = "Pods-InvestLog.release.xcconfig"; path = "Pods/Target Support Files/Pods-InvestLog/Pods-InvestLog.release.xcconfig"; sourceTree = "<group>"; };
		3D52EC9907B2B5163DB25626 /* Pods-InvestLog.debug.xcconfig */ = {isa = PBXFileReference; includeInIndex = 1; lastKnownFileType = text.xcconfig; name = "Pods-InvestLog.debug.xcconfig"; path = "Pods/Target Support Files/Pods-InvestLog/Pods-InvestLog.debug.xcconfig"; sourceTree = "<group>"; };
		7413AF8196EFC5F901CA677E /* Pods_InvestLog.framework */ = {isa = PBXFileReference; explicitFileType = wrapper.framework; includeInIndex = 0; path = Pods_InvestLog.framework; sourceTree = BUILT_PRODUCTS_DIR; };
		F305E15D221F8F8900FA45F0 /* oldLoading.json */ = {isa = PBXFileReference; fileEncoding = 4; lastKnownFileType = text.json; path = oldLoading.json; sourceTree = "<group>"; };
		F305E15F221F908500FA45F0 /* FirstViewController.swift */ = {isa = PBXFileReference; lastKnownFileType = sourcecode.swift; path = FirstViewController.swift; sourceTree = "<group>"; };
		F3347E5521F3DDBF004E83EE /* InvestLog.app */ = {isa = PBXFileReference; explicitFileType = wrapper.application; includeInIndex = 0; path = InvestLog.app; sourceTree = BUILT_PRODUCTS_DIR; };
		F3347E5821F3DDBF004E83EE /* AppDelegate.swift */ = {isa = PBXFileReference; lastKnownFileType = sourcecode.swift; path = AppDelegate.swift; sourceTree = "<group>"; };
		F3347E5A21F3DDBF004E83EE /* MainViewController.swift */ = {isa = PBXFileReference; lastKnownFileType = sourcecode.swift; path = MainViewController.swift; sourceTree = "<group>"; };
		F3347E5F21F3DDC1004E83EE /* Assets.xcassets */ = {isa = PBXFileReference; lastKnownFileType = folder.assetcatalog; path = Assets.xcassets; sourceTree = "<group>"; };
		F3347E6221F3DDC1004E83EE /* Base */ = {isa = PBXFileReference; lastKnownFileType = file.storyboard; name = Base; path = Base.lproj/LaunchScreen.storyboard; sourceTree = "<group>"; };
		F3347E6421F3DDC1004E83EE /* Info.plist */ = {isa = PBXFileReference; lastKnownFileType = text.plist.xml; path = Info.plist; sourceTree = "<group>"; };
		F3347E6E21F3DF48004E83EE /* Constraints-Extention.swift */ = {isa = PBXFileReference; fileEncoding = 4; lastKnownFileType = sourcecode.swift; path = "Constraints-Extention.swift"; sourceTree = "<group>"; };
		F3347E7021F3E302004E83EE /* PresentCategoryViewController.swift */ = {isa = PBXFileReference; lastKnownFileType = sourcecode.swift; path = PresentCategoryViewController.swift; sourceTree = "<group>"; };
		F3347E7221F3EE57004E83EE /* SettingsView.swift */ = {isa = PBXFileReference; lastKnownFileType = sourcecode.swift; path = SettingsView.swift; sourceTree = "<group>"; };
		F3347E7521F3F04E004E83EE /* Avenir Next.ttc */ = {isa = PBXFileReference; lastKnownFileType = file; path = "Avenir Next.ttc"; sourceTree = "<group>"; };
		F3347E7721F404CA004E83EE /* TableViewCell.swift */ = {isa = PBXFileReference; lastKnownFileType = sourcecode.swift; path = TableViewCell.swift; sourceTree = "<group>"; };
		F33DE078221E4B7F00DB50D0 /* ButtonExtentions.swift */ = {isa = PBXFileReference; lastKnownFileType = sourcecode.swift; path = ButtonExtentions.swift; sourceTree = "<group>"; };
		F33DE07B221E4F7000DB50D0 /* background.json */ = {isa = PBXFileReference; fileEncoding = 4; lastKnownFileType = text.json; path = background.json; sourceTree = "<group>"; };
		F354B49C224DBC5600DE2821 /* TopCell.swift */ = {isa = PBXFileReference; lastKnownFileType = sourcecode.swift; path = TopCell.swift; sourceTree = "<group>"; };
		F3552CFB2228B251009A7057 /* NewSubCategoryViewController.swift */ = {isa = PBXFileReference; lastKnownFileType = sourcecode.swift; path = NewSubCategoryViewController.swift; sourceTree = "<group>"; };
		F39E0465221E264D00141D8F /* LoginViewController.swift */ = {isa = PBXFileReference; lastKnownFileType = sourcecode.swift; path = LoginViewController.swift; sourceTree = "<group>"; };
		F3A7CC6F2220ADAC00B7F867 /* OnboardingViewController.swift */ = {isa = PBXFileReference; lastKnownFileType = sourcecode.swift; path = OnboardingViewController.swift; sourceTree = "<group>"; };
		F3A7CC712220B05900B7F867 /* onboarding.json */ = {isa = PBXFileReference; fileEncoding = 4; lastKnownFileType = text.json; path = onboarding.json; sourceTree = "<group>"; };
		F3A7CC732221F04C00B7F867 /* NewCategoryViewController.swift */ = {isa = PBXFileReference; lastKnownFileType = sourcecode.swift; path = NewCategoryViewController.swift; sourceTree = "<group>"; };
		F3A7CC75222200AE00B7F867 /* BackgroundViewController.swift */ = {isa = PBXFileReference; lastKnownFileType = sourcecode.swift; path = BackgroundViewController.swift; sourceTree = "<group>"; };
		F3C1AC722225F08B0073F60F /* loading.json */ = {isa = PBXFileReference; fileEncoding = 4; lastKnownFileType = text.json; path = loading.json; sourceTree = "<group>"; };
		F3E8D83721FBF98B000A5440 /* MainViewCollectionViewCell.swift */ = {isa = PBXFileReference; lastKnownFileType = sourcecode.swift; path = MainViewCollectionViewCell.swift; sourceTree = "<group>"; };
		F3E8D83921FC0AD7000A5440 /* Views.swift */ = {isa = PBXFileReference; lastKnownFileType = sourcecode.swift; path = Views.swift; sourceTree = "<group>"; };
		F3E8D83B21FC4E2A000A5440 /* oldCategoryViewController.swift */ = {isa = PBXFileReference; lastKnownFileType = sourcecode.swift; path = oldCategoryViewController.swift; sourceTree = "<group>"; };
		F3E8D83E21FE4BDE000A5440 /* CategorySpendingController.swift */ = {isa = PBXFileReference; lastKnownFileType = sourcecode.swift; path = CategorySpendingController.swift; sourceTree = "<group>"; };
		F3E8D84021FE7E16000A5440 /* InputSpendingController.swift */ = {isa = PBXFileReference; lastKnownFileType = sourcecode.swift; path = InputSpendingController.swift; sourceTree = "<group>"; };
		F3E8D84221FE8A5E000A5440 /* HandleData.swift */ = {isa = PBXFileReference; lastKnownFileType = sourcecode.swift; path = HandleData.swift; sourceTree = "<group>"; };
		F3E8D84421FEAC61000A5440 /* GoogleService-Info.plist */ = {isa = PBXFileReference; fileEncoding = 4; lastKnownFileType = text.plist.xml; path = "GoogleService-Info.plist"; sourceTree = "<group>"; };
		F3E8D84621FEADFC000A5440 /* OldLoginController.swift */ = {isa = PBXFileReference; lastKnownFileType = sourcecode.swift; path = OldLoginController.swift; sourceTree = "<group>"; };
		F3F6660621FA7A13007DC903 /* MainCollectionviewController.swift */ = {isa = PBXFileReference; lastKnownFileType = sourcecode.swift; path = MainCollectionviewController.swift; sourceTree = "<group>"; };
/* End PBXFileReference section */

/* Begin PBXFrameworksBuildPhase section */
		F3347E5221F3DDBF004E83EE /* Frameworks */ = {
			isa = PBXFrameworksBuildPhase;
			buildActionMask = 2147483647;
			files = (
				1683E65E2158B4A1E82E72C9 /* Pods_InvestLog.framework in Frameworks */,
			);
			runOnlyForDeploymentPostprocessing = 0;
		};
/* End PBXFrameworksBuildPhase section */

/* Begin PBXGroup section */
		0A5BEB14B6A3FD4C2480D2DE /* Pods */ = {
			isa = PBXGroup;
			children = (
				3D52EC9907B2B5163DB25626 /* Pods-InvestLog.debug.xcconfig */,
				17D4313D09B1F3DB42EBD1FC /* Pods-InvestLog.release.xcconfig */,
			);
			name = Pods;
			sourceTree = "<group>";
		};
		6C0E02F189980F14C3AF14A1 /* Frameworks */ = {
			isa = PBXGroup;
			children = (
				7413AF8196EFC5F901CA677E /* Pods_InvestLog.framework */,
			);
			name = Frameworks;
			sourceTree = "<group>";
		};
		F3347E4C21F3DDBF004E83EE = {
			isa = PBXGroup;
			children = (
				F3347E5721F3DDBF004E83EE /* InvestLog */,
				F3347E5621F3DDBF004E83EE /* Products */,
				0A5BEB14B6A3FD4C2480D2DE /* Pods */,
				6C0E02F189980F14C3AF14A1 /* Frameworks */,
			);
			sourceTree = "<group>";
		};
		F3347E5621F3DDBF004E83EE /* Products */ = {
			isa = PBXGroup;
			children = (
				F3347E5521F3DDBF004E83EE /* InvestLog.app */,
			);
			name = Products;
			sourceTree = "<group>";
		};
		F3347E5721F3DDBF004E83EE /* InvestLog */ = {
			isa = PBXGroup;
			children = (
				F33DE07A221E4F5800DB50D0 /* Animations */,
				F3347E7421F3F02C004E83EE /* Resources */,
				F3347E6D21F3DF3A004E83EE /* Extentions */,
				F3347E6C21F3DF32004E83EE /* Model */,
				F3347E6B21F3DF2E004E83EE /* View */,
				F3347E6A21F3DF26004E83EE /* Controller */,
				F39E0464221E260100141D8F /* Old View Controllers */,
				F3347E5821F3DDBF004E83EE /* AppDelegate.swift */,
				F3347E5F21F3DDC1004E83EE /* Assets.xcassets */,
				F3347E6121F3DDC1004E83EE /* LaunchScreen.storyboard */,
				F3347E6421F3DDC1004E83EE /* Info.plist */,
				F3E8D84421FEAC61000A5440 /* GoogleService-Info.plist */,
			);
			path = InvestLog;
			sourceTree = "<group>";
		};
		F3347E6A21F3DF26004E83EE /* Controller */ = {
			isa = PBXGroup;
			children = (
				F3347E7221F3EE57004E83EE /* SettingsView.swift */,
				F3A7CC75222200AE00B7F867 /* BackgroundViewController.swift */,
				F39E0465221E264D00141D8F /* LoginViewController.swift */,
				F3A7CC6F2220ADAC00B7F867 /* OnboardingViewController.swift */,
				F305E15F221F908500FA45F0 /* FirstViewController.swift */,
				F3A7CC732221F04C00B7F867 /* NewCategoryViewController.swift */,
				F3347E7021F3E302004E83EE /* PresentCategoryViewController.swift */,
				F3552CFB2228B251009A7057 /* NewSubCategoryViewController.swift */,
				F3E8D83E21FE4BDE000A5440 /* CategorySpendingController.swift */,
				F3E8D84021FE7E16000A5440 /* InputSpendingController.swift */,
			);
			path = Controller;
			sourceTree = "<group>";
		};
		F3347E6B21F3DF2E004E83EE /* View */ = {
			isa = PBXGroup;
			children = (
				F3347E7721F404CA004E83EE /* TableViewCell.swift */,
				F3E8D83721FBF98B000A5440 /* MainViewCollectionViewCell.swift */,
				F354B49C224DBC5600DE2821 /* TopCell.swift */,
			);
			path = View;
			sourceTree = "<group>";
		};
		F3347E6C21F3DF32004E83EE /* Model */ = {
			isa = PBXGroup;
			children = (
				F3E8D83921FC0AD7000A5440 /* Views.swift */,
			);
			path = Model;
			sourceTree = "<group>";
		};
		F3347E6D21F3DF3A004E83EE /* Extentions */ = {
			isa = PBXGroup;
			children = (
				F3347E6E21F3DF48004E83EE /* Constraints-Extention.swift */,
				F3E8D84221FE8A5E000A5440 /* HandleData.swift */,
				F33DE078221E4B7F00DB50D0 /* ButtonExtentions.swift */,
			);
			path = Extentions;
			sourceTree = "<group>";
		};
		F3347E7421F3F02C004E83EE /* Resources */ = {
			isa = PBXGroup;
			children = (
				F3347E7521F3F04E004E83EE /* Avenir Next.ttc */,
			);
			path = Resources;
			sourceTree = "<group>";
		};
		F33DE07A221E4F5800DB50D0 /* Animations */ = {
			isa = PBXGroup;
			children = (
				F33DE07B221E4F7000DB50D0 /* background.json */,
				F305E15D221F8F8900FA45F0 /* oldLoading.json */,
				F3C1AC722225F08B0073F60F /* loading.json */,
				F3A7CC712220B05900B7F867 /* onboarding.json */,
			);
			path = Animations;
			sourceTree = "<group>";
		};
		F39E0464221E260100141D8F /* Old View Controllers */ = {
			isa = PBXGroup;
			children = (
				F3E8D83D21FE4BAA000A5440 /* This Month */,
				F3347E5A21F3DDBF004E83EE /* MainViewController.swift */,
				F3F6660621FA7A13007DC903 /* MainCollectionviewController.swift */,
				F3E8D84621FEADFC000A5440 /* OldLoginController.swift */,
			);
			path = "Old View Controllers";
			sourceTree = "<group>";
		};
		F3E8D83D21FE4BAA000A5440 /* This Month */ = {
			isa = PBXGroup;
			children = (
				F3E8D83B21FC4E2A000A5440 /* oldCategoryViewController.swift */,
			);
			path = "This Month";
			sourceTree = "<group>";
		};
/* End PBXGroup section */

/* Begin PBXNativeTarget section */
		F3347E5421F3DDBF004E83EE /* InvestLog */ = {
			isa = PBXNativeTarget;
			buildConfigurationList = F3347E6721F3DDC1004E83EE /* Build configuration list for PBXNativeTarget "InvestLog" */;
			buildPhases = (
				C1CF57B21C3684732ECE9D9D /* [CP] Check Pods Manifest.lock */,
				F3347E5121F3DDBF004E83EE /* Sources */,
				F3347E5221F3DDBF004E83EE /* Frameworks */,
				F3347E5321F3DDBF004E83EE /* Resources */,
				9E37EF1892EFADA19F3B4472 /* [CP] Embed Pods Frameworks */,
				D7169C3B622887080A293A91 /* [CP] Copy Pods Resources */,
			);
			buildRules = (
			);
			dependencies = (
			);
			name = InvestLog;
			productName = InvestLog;
			productReference = F3347E5521F3DDBF004E83EE /* InvestLog.app */;
			productType = "com.apple.product-type.application";
		};
/* End PBXNativeTarget section */

/* Begin PBXProject section */
		F3347E4D21F3DDBF004E83EE /* Project object */ = {
			isa = PBXProject;
			attributes = {
				LastSwiftUpdateCheck = 1010;
				LastUpgradeCheck = 1010;
				ORGANIZATIONNAME = "Timofey Makhlay";
				TargetAttributes = {
					F3347E5421F3DDBF004E83EE = {
						CreatedOnToolsVersion = 10.1;
					};
				};
			};
			buildConfigurationList = F3347E5021F3DDBF004E83EE /* Build configuration list for PBXProject "InvestLog" */;
			compatibilityVersion = "Xcode 9.3";
			developmentRegion = en;
			hasScannedForEncodings = 0;
			knownRegions = (
				en,
				Base,
			);
			mainGroup = F3347E4C21F3DDBF004E83EE;
			productRefGroup = F3347E5621F3DDBF004E83EE /* Products */;
			projectDirPath = "";
			projectRoot = "";
			targets = (
				F3347E5421F3DDBF004E83EE /* InvestLog */,
			);
		};
/* End PBXProject section */

/* Begin PBXResourcesBuildPhase section */
		F3347E5321F3DDBF004E83EE /* Resources */ = {
			isa = PBXResourcesBuildPhase;
			buildActionMask = 2147483647;
			files = (
				F33DE07C221E4F7000DB50D0 /* background.json in Resources */,
				F3347E7621F3F04E004E83EE /* Avenir Next.ttc in Resources */,
				F3C1AC732225F08B0073F60F /* loading.json in Resources */,
				F3E8D84521FEAC61000A5440 /* GoogleService-Info.plist in Resources */,
				F305E15E221F8F8900FA45F0 /* oldLoading.json in Resources */,
				F3347E6321F3DDC1004E83EE /* LaunchScreen.storyboard in Resources */,
				F3A7CC722220B05900B7F867 /* onboarding.json in Resources */,
				F3347E6021F3DDC1004E83EE /* Assets.xcassets in Resources */,
			);
			runOnlyForDeploymentPostprocessing = 0;
		};
/* End PBXResourcesBuildPhase section */

/* Begin PBXShellScriptBuildPhase section */
		9E37EF1892EFADA19F3B4472 /* [CP] Embed Pods Frameworks */ = {
			isa = PBXShellScriptBuildPhase;
			buildActionMask = 2147483647;
			files = (
			);
			inputFileListPaths = (
			);
			inputPaths = (
				"${PODS_ROOT}/Target Support Files/Pods-InvestLog/Pods-InvestLog-frameworks.sh",
				"${BUILT_PRODUCTS_DIR}/GTMSessionFetcher/GTMSessionFetcher.framework",
				"${BUILT_PRODUCTS_DIR}/GoogleToolboxForMac/GoogleToolboxForMac.framework",
				"${BUILT_PRODUCTS_DIR}/GoogleUtilities/GoogleUtilities.framework",
				"${BUILT_PRODUCTS_DIR}/SnapKit/SnapKit.framework",
				"${BUILT_PRODUCTS_DIR}/leveldb-library/leveldb.framework",
				"${BUILT_PRODUCTS_DIR}/lottie-ios/Lottie.framework",
				"${BUILT_PRODUCTS_DIR}/nanopb/nanopb.framework",
			);
			name = "[CP] Embed Pods Frameworks";
			outputFileListPaths = (
			);
			outputPaths = (
				"${TARGET_BUILD_DIR}/${FRAMEWORKS_FOLDER_PATH}/GTMSessionFetcher.framework",
				"${TARGET_BUILD_DIR}/${FRAMEWORKS_FOLDER_PATH}/GoogleToolboxForMac.framework",
				"${TARGET_BUILD_DIR}/${FRAMEWORKS_FOLDER_PATH}/GoogleUtilities.framework",
				"${TARGET_BUILD_DIR}/${FRAMEWORKS_FOLDER_PATH}/SnapKit.framework",
				"${TARGET_BUILD_DIR}/${FRAMEWORKS_FOLDER_PATH}/leveldb.framework",
				"${TARGET_BUILD_DIR}/${FRAMEWORKS_FOLDER_PATH}/Lottie.framework",
				"${TARGET_BUILD_DIR}/${FRAMEWORKS_FOLDER_PATH}/nanopb.framework",
			);
			runOnlyForDeploymentPostprocessing = 0;
			shellPath = /bin/sh;
			shellScript = "\"${PODS_ROOT}/Target Support Files/Pods-InvestLog/Pods-InvestLog-frameworks.sh\"\n";
			showEnvVarsInLog = 0;
		};
		C1CF57B21C3684732ECE9D9D /* [CP] Check Pods Manifest.lock */ = {
			isa = PBXShellScriptBuildPhase;
			buildActionMask = 2147483647;
			files = (
			);
			inputFileListPaths = (
			);
			inputPaths = (
				"${PODS_PODFILE_DIR_PATH}/Podfile.lock",
				"${PODS_ROOT}/Manifest.lock",
			);
			name = "[CP] Check Pods Manifest.lock";
			outputFileListPaths = (
			);
			outputPaths = (
				"$(DERIVED_FILE_DIR)/Pods-InvestLog-checkManifestLockResult.txt",
			);
			runOnlyForDeploymentPostprocessing = 0;
			shellPath = /bin/sh;
			shellScript = "diff \"${PODS_PODFILE_DIR_PATH}/Podfile.lock\" \"${PODS_ROOT}/Manifest.lock\" > /dev/null\nif [ $? != 0 ] ; then\n    # print error to STDERR\n    echo \"error: The sandbox is not in sync with the Podfile.lock. Run 'pod install' or update your CocoaPods installation.\" >&2\n    exit 1\nfi\n# This output is used by Xcode 'outputs' to avoid re-running this script phase.\necho \"SUCCESS\" > \"${SCRIPT_OUTPUT_FILE_0}\"\n";
			showEnvVarsInLog = 0;
		};
		D7169C3B622887080A293A91 /* [CP] Copy Pods Resources */ = {
			isa = PBXShellScriptBuildPhase;
			buildActionMask = 2147483647;
			files = (
			);
			inputFileListPaths = (
			);
			inputPaths = (
				"${PODS_ROOT}/Target Support Files/Pods-InvestLog/Pods-InvestLog-resources.sh",
				"${PODS_ROOT}/GoogleSignIn/Resources/GoogleSignIn.bundle",
			);
			name = "[CP] Copy Pods Resources";
			outputFileListPaths = (
			);
			outputPaths = (
				"${TARGET_BUILD_DIR}/${UNLOCALIZED_RESOURCES_FOLDER_PATH}/GoogleSignIn.bundle",
			);
			runOnlyForDeploymentPostprocessing = 0;
			shellPath = /bin/sh;
			shellScript = "\"${PODS_ROOT}/Target Support Files/Pods-InvestLog/Pods-InvestLog-resources.sh\"\n";
			showEnvVarsInLog = 0;
		};
/* End PBXShellScriptBuildPhase section */

/* Begin PBXSourcesBuildPhase section */
		F3347E5121F3DDBF004E83EE /* Sources */ = {
			isa = PBXSourcesBuildPhase;
			buildActionMask = 2147483647;
			files = (
				F3552CFC2228B251009A7057 /* NewSubCategoryViewController.swift in Sources */,
				F3347E5B21F3DDBF004E83EE /* MainViewController.swift in Sources */,
				F3E8D84321FE8A5E000A5440 /* HandleData.swift in Sources */,
				F33DE079221E4B7F00DB50D0 /* ButtonExtentions.swift in Sources */,
				F3E8D83C21FC4E2A000A5440 /* oldCategoryViewController.swift in Sources */,
				F3A7CC702220ADAC00B7F867 /* OnboardingViewController.swift in Sources */,
				F3F6660721FA7A13007DC903 /* MainCollectionviewController.swift in Sources */,
				F3E8D84721FEADFC000A5440 /* OldLoginController.swift in Sources */,
				F3347E6F21F3DF48004E83EE /* Constraints-Extention.swift in Sources */,
				F3347E5921F3DDBF004E83EE /* AppDelegate.swift in Sources */,
				F3A7CC742221F04C00B7F867 /* NewCategoryViewController.swift in Sources */,
				F3347E7821F404CA004E83EE /* TableViewCell.swift in Sources */,
				F305E160221F908500FA45F0 /* FirstViewController.swift in Sources */,
				F3A7CC76222200AE00B7F867 /* BackgroundViewController.swift in Sources */,
				F3E8D84121FE7E16000A5440 /* InputSpendingController.swift in Sources */,
				F3347E7121F3E302004E83EE /* PresentCategoryViewController.swift in Sources */,
				F3E8D83F21FE4BDE000A5440 /* CategorySpendingController.swift in Sources */,
				F39E0466221E264D00141D8F /* LoginViewController.swift in Sources */,
				F3E8D83A21FC0AD7000A5440 /* Views.swift in Sources */,
				F3E8D83821FBF98B000A5440 /* MainViewCollectionViewCell.swift in Sources */,
				F3347E7321F3EE57004E83EE /* SettingsView.swift in Sources */,
				F354B49D224DBC5600DE2821 /* TopCell.swift in Sources */,
			);
			runOnlyForDeploymentPostprocessing = 0;
		};
/* End PBXSourcesBuildPhase section */

/* Begin PBXVariantGroup section */
		F3347E6121F3DDC1004E83EE /* LaunchScreen.storyboard */ = {
			isa = PBXVariantGroup;
			children = (
				F3347E6221F3DDC1004E83EE /* Base */,
			);
			name = LaunchScreen.storyboard;
			sourceTree = "<group>";
		};
/* End PBXVariantGroup section */

/* Begin XCBuildConfiguration section */
		F3347E6521F3DDC1004E83EE /* Debug */ = {
			isa = XCBuildConfiguration;
			buildSettings = {
				ALWAYS_SEARCH_USER_PATHS = NO;
				CLANG_ANALYZER_NONNULL = YES;
				CLANG_ANALYZER_NUMBER_OBJECT_CONVERSION = YES_AGGRESSIVE;
				CLANG_CXX_LANGUAGE_STANDARD = "gnu++14";
				CLANG_CXX_LIBRARY = "libc++";
				CLANG_ENABLE_MODULES = YES;
				CLANG_ENABLE_OBJC_ARC = YES;
				CLANG_ENABLE_OBJC_WEAK = YES;
				CLANG_WARN_BLOCK_CAPTURE_AUTORELEASING = YES;
				CLANG_WARN_BOOL_CONVERSION = YES;
				CLANG_WARN_COMMA = YES;
				CLANG_WARN_CONSTANT_CONVERSION = YES;
				CLANG_WARN_DEPRECATED_OBJC_IMPLEMENTATIONS = YES;
				CLANG_WARN_DIRECT_OBJC_ISA_USAGE = YES_ERROR;
				CLANG_WARN_DOCUMENTATION_COMMENTS = YES;
				CLANG_WARN_EMPTY_BODY = YES;
				CLANG_WARN_ENUM_CONVERSION = YES;
				CLANG_WARN_INFINITE_RECURSION = YES;
				CLANG_WARN_INT_CONVERSION = YES;
				CLANG_WARN_NON_LITERAL_NULL_CONVERSION = YES;
				CLANG_WARN_OBJC_IMPLICIT_RETAIN_SELF = YES;
				CLANG_WARN_OBJC_LITERAL_CONVERSION = YES;
				CLANG_WARN_OBJC_ROOT_CLASS = YES_ERROR;
				CLANG_WARN_RANGE_LOOP_ANALYSIS = YES;
				CLANG_WARN_STRICT_PROTOTYPES = YES;
				CLANG_WARN_SUSPICIOUS_MOVE = YES;
				CLANG_WARN_UNGUARDED_AVAILABILITY = YES_AGGRESSIVE;
				CLANG_WARN_UNREACHABLE_CODE = YES;
				CLANG_WARN__DUPLICATE_METHOD_MATCH = YES;
				CODE_SIGN_IDENTITY = "iPhone Developer";
				COPY_PHASE_STRIP = NO;
				DEBUG_INFORMATION_FORMAT = dwarf;
				ENABLE_STRICT_OBJC_MSGSEND = YES;
				ENABLE_TESTABILITY = YES;
				GCC_C_LANGUAGE_STANDARD = gnu11;
				GCC_DYNAMIC_NO_PIC = NO;
				GCC_NO_COMMON_BLOCKS = YES;
				GCC_OPTIMIZATION_LEVEL = 0;
				GCC_PREPROCESSOR_DEFINITIONS = (
					"DEBUG=1",
					"$(inherited)",
				);
				GCC_WARN_64_TO_32_BIT_CONVERSION = YES;
				GCC_WARN_ABOUT_RETURN_TYPE = YES_ERROR;
				GCC_WARN_UNDECLARED_SELECTOR = YES;
				GCC_WARN_UNINITIALIZED_AUTOS = YES_AGGRESSIVE;
				GCC_WARN_UNUSED_FUNCTION = YES;
				GCC_WARN_UNUSED_VARIABLE = YES;
				IPHONEOS_DEPLOYMENT_TARGET = 12.1;
				MTL_ENABLE_DEBUG_INFO = INCLUDE_SOURCE;
				MTL_FAST_MATH = YES;
				ONLY_ACTIVE_ARCH = YES;
				SDKROOT = iphoneos;
				SWIFT_ACTIVE_COMPILATION_CONDITIONS = DEBUG;
				SWIFT_OPTIMIZATION_LEVEL = "-Onone";
			};
			name = Debug;
		};
		F3347E6621F3DDC1004E83EE /* Release */ = {
			isa = XCBuildConfiguration;
			buildSettings = {
				ALWAYS_SEARCH_USER_PATHS = NO;
				CLANG_ANALYZER_NONNULL = YES;
				CLANG_ANALYZER_NUMBER_OBJECT_CONVERSION = YES_AGGRESSIVE;
				CLANG_CXX_LANGUAGE_STANDARD = "gnu++14";
				CLANG_CXX_LIBRARY = "libc++";
				CLANG_ENABLE_MODULES = YES;
				CLANG_ENABLE_OBJC_ARC = YES;
				CLANG_ENABLE_OBJC_WEAK = YES;
				CLANG_WARN_BLOCK_CAPTURE_AUTORELEASING = YES;
				CLANG_WARN_BOOL_CONVERSION = YES;
				CLANG_WARN_COMMA = YES;
				CLANG_WARN_CONSTANT_CONVERSION = YES;
				CLANG_WARN_DEPRECATED_OBJC_IMPLEMENTATIONS = YES;
				CLANG_WARN_DIRECT_OBJC_ISA_USAGE = YES_ERROR;
				CLANG_WARN_DOCUMENTATION_COMMENTS = YES;
				CLANG_WARN_EMPTY_BODY = YES;
				CLANG_WARN_ENUM_CONVERSION = YES;
				CLANG_WARN_INFINITE_RECURSION = YES;
				CLANG_WARN_INT_CONVERSION = YES;
				CLANG_WARN_NON_LITERAL_NULL_CONVERSION = YES;
				CLANG_WARN_OBJC_IMPLICIT_RETAIN_SELF = YES;
				CLANG_WARN_OBJC_LITERAL_CONVERSION = YES;
				CLANG_WARN_OBJC_ROOT_CLASS = YES_ERROR;
				CLANG_WARN_RANGE_LOOP_ANALYSIS = YES;
				CLANG_WARN_STRICT_PROTOTYPES = YES;
				CLANG_WARN_SUSPICIOUS_MOVE = YES;
				CLANG_WARN_UNGUARDED_AVAILABILITY = YES_AGGRESSIVE;
				CLANG_WARN_UNREACHABLE_CODE = YES;
				CLANG_WARN__DUPLICATE_METHOD_MATCH = YES;
				CODE_SIGN_IDENTITY = "iPhone Developer";
				COPY_PHASE_STRIP = NO;
				DEBUG_INFORMATION_FORMAT = "dwarf-with-dsym";
				ENABLE_NS_ASSERTIONS = NO;
				ENABLE_STRICT_OBJC_MSGSEND = YES;
				GCC_C_LANGUAGE_STANDARD = gnu11;
				GCC_NO_COMMON_BLOCKS = YES;
				GCC_WARN_64_TO_32_BIT_CONVERSION = YES;
				GCC_WARN_ABOUT_RETURN_TYPE = YES_ERROR;
				GCC_WARN_UNDECLARED_SELECTOR = YES;
				GCC_WARN_UNINITIALIZED_AUTOS = YES_AGGRESSIVE;
				GCC_WARN_UNUSED_FUNCTION = YES;
				GCC_WARN_UNUSED_VARIABLE = YES;
				IPHONEOS_DEPLOYMENT_TARGET = 12.1;
				MTL_ENABLE_DEBUG_INFO = NO;
				MTL_FAST_MATH = YES;
				SDKROOT = iphoneos;
				SWIFT_COMPILATION_MODE = wholemodule;
				SWIFT_OPTIMIZATION_LEVEL = "-O";
				VALIDATE_PRODUCT = YES;
			};
			name = Release;
		};
		F3347E6821F3DDC1004E83EE /* Debug */ = {
			isa = XCBuildConfiguration;
			baseConfigurationReference = 3D52EC9907B2B5163DB25626 /* Pods-InvestLog.debug.xcconfig */;
			buildSettings = {
				ASSETCATALOG_COMPILER_APPICON_NAME = AppIcon;
				CODE_SIGN_IDENTITY = "iPhone Developer";
				CODE_SIGN_STYLE = Automatic;
				DEVELOPMENT_TEAM = SAZ2DLKCVY;
				INFOPLIST_FILE = InvestLog/Info.plist;
				IPHONEOS_DEPLOYMENT_TARGET = 12;
				LD_RUNPATH_SEARCH_PATHS = (
					"$(inherited)",
					"@executable_path/Frameworks",
				);
				PRODUCT_BUNDLE_IDENTIFIER = Timo.InvestLog;
				PRODUCT_NAME = "$(TARGET_NAME)";
				PROVISIONING_PROFILE_SPECIFIER = "";
				SWIFT_VERSION = 4.2;
				TARGETED_DEVICE_FAMILY = 1;
			};
			name = Debug;
		};
		F3347E6921F3DDC1004E83EE /* Release */ = {
			isa = XCBuildConfiguration;
			baseConfigurationReference = 17D4313D09B1F3DB42EBD1FC /* Pods-InvestLog.release.xcconfig */;
			buildSettings = {
				ASSETCATALOG_COMPILER_APPICON_NAME = AppIcon;
				CODE_SIGN_IDENTITY = "iPhone Developer";
				CODE_SIGN_STYLE = Automatic;
				DEVELOPMENT_TEAM = SAZ2DLKCVY;
				INFOPLIST_FILE = InvestLog/Info.plist;
				IPHONEOS_DEPLOYMENT_TARGET = 12;
				LD_RUNPATH_SEARCH_PATHS = (
					"$(inherited)",
					"@executable_path/Frameworks",
				);
				PRODUCT_BUNDLE_IDENTIFIER = Timo.InvestLog;
				PRODUCT_NAME = "$(TARGET_NAME)";
				PROVISIONING_PROFILE_SPECIFIER = "";
				SWIFT_VERSION = 4.2;
				TARGETED_DEVICE_FAMILY = 1;
			};
			name = Release;
		};
/* End XCBuildConfiguration section */

/* Begin XCConfigurationList section */
		F3347E5021F3DDBF004E83EE /* Build configuration list for PBXProject "InvestLog" */ = {
			isa = XCConfigurationList;
			buildConfigurations = (
				F3347E6521F3DDC1004E83EE /* Debug */,
				F3347E6621F3DDC1004E83EE /* Release */,
			);
			defaultConfigurationIsVisible = 0;
			defaultConfigurationName = Release;
		};
		F3347E6721F3DDC1004E83EE /* Build configuration list for PBXNativeTarget "InvestLog" */ = {
			isa = XCConfigurationList;
			buildConfigurations = (
				F3347E6821F3DDC1004E83EE /* Debug */,
				F3347E6921F3DDC1004E83EE /* Release */,
			);
			defaultConfigurationIsVisible = 0;
			defaultConfigurationName = Release;
		};
/* End XCConfigurationList section */
	};
	rootObject = F3347E4D21F3DDBF004E83EE /* Project object */;
}
